
Microsoft Visual Studio Solution File, Format Version 12.00
# Visual Studio 14
VisualStudioVersion = 14.0.25420.1
MinimumVisualStudioVersion = 10.0.40219.1
Project("{FAE04EC0-301F-11D3-BF4B-00C04F79EFBC}") = "Admin.Service", "Admin.Service\Admin.Service.csproj", "{4EF4FA1A-483A-4F5C-9A98-012BE17B7672}"
EndProject
Project("{FAE04EC0-301F-11D3-BF4B-00C04F79EFBC}") = "Admin.ReadModels.Service", "Admin.ReadModels.Service\Admin.ReadModels.Service.csproj", "{D91AEECC-CA6A-48A2-90D6-5146D945DEAB}"
EndProject
Project("{2150E333-8FDC-42A3-9474-1A3956D46DE8}") = "ReadModel", "ReadModel", "{51119099-EDEC-4325-96EC-1BC7483E6BB6}"
EndProject
Project("{2150E333-8FDC-42A3-9474-1A3956D46DE8}") = "Service", "Service", "{F13AB59D-7BF7-460F-AF5E-97B65BFAE44C}"
EndProject
Project("{FAE04EC0-301F-11D3-BF4B-00C04F79EFBC}") = "Admin.Common", "Admin.Common\Admin.Common.csproj", "{5E571774-1D77-4F79-AF04-27A85DAC1340}"
EndProject
Project("{2150E333-8FDC-42A3-9474-1A3956D46DE8}") = "Common", "Common", "{3A37F4C0-8133-403A-9490-856E00D4A5C7}"
EndProject
Project("{FAE04EC0-301F-11D3-BF4B-00C04F79EFBC}") = "MicroServices.Common.General", "..\MicroService-Common\MicroServices.Common.General\MicroServices.Common.General.csproj", "{FC24D38F-FB96-43E1-B21E-B6E1BFA1DC11}"
EndProject
Project("{FAE04EC0-301F-11D3-BF4B-00C04F79EFBC}") = "MicroServices.Common", "..\MicroService-Common\MicroServices.Common\MicroServices.Common.csproj", "{D3D97918-2C26-4BAE-A0C5-F90B6F1085DD}"
EndProject
Project("{FAE04EC0-301F-11D3-BF4B-00C04F79EFBC}") = "Admin.ReadModels.Client", "Admin.ReadModels.Client\Admin.ReadModels.Client.csproj", "{C46D3E71-E08D-4F45-B54B-03E3759028E3}"
EndProject
Project("{FAE04EC0-301F-11D3-BF4B-00C04F79EFBC}") = "Admin.Service.UnitTests", "Admin.Service.UnitTests\Admin.Service.UnitTests.csproj", "{0C3E7514-3CA5-4FF5-BD42-F19EF1A4783D}"
EndProject
Global
	GlobalSection(SolutionConfigurationPlatforms) = preSolution
		Debug|Any CPU = Debug|Any CPU
		Release|Any CPU = Release|Any CPU
	EndGlobalSection
	GlobalSection(ProjectConfigurationPlatforms) = postSolution
		{4EF4FA1A-483A-4F5C-9A98-012BE17B7672}.Debug|Any CPU.ActiveCfg = Debug|Any CPU
		{4EF4FA1A-483A-4F5C-9A98-012BE17B7672}.Debug|Any CPU.Build.0 = Debug|Any CPU
		{4EF4FA1A-483A-4F5C-9A98-012BE17B7672}.Release|Any CPU.ActiveCfg = Release|Any CPU
		{4EF4FA1A-483A-4F5C-9A98-012BE17B7672}.Release|Any CPU.Build.0 = Release|Any CPU
		{D91AEECC-CA6A-48A2-90D6-5146D945DEAB}.Debug|Any CPU.ActiveCfg = Debug|Any CPU
		{D91AEECC-CA6A-48A2-90D6-5146D945DEAB}.Debug|Any CPU.Build.0 = Debug|Any CPU
		{D91AEECC-CA6A-48A2-90D6-5146D945DEAB}.Release|Any CPU.ActiveCfg = Release|Any CPU
		{D91AEECC-CA6A-48A2-90D6-5146D945DEAB}.Release|Any CPU.Build.0 = Release|Any CPU
		{5E571774-1D77-4F79-AF04-27A85DAC1340}.Debug|Any CPU.ActiveCfg = Debug|Any CPU
		{5E571774-1D77-4F79-AF04-27A85DAC1340}.Debug|Any CPU.Build.0 = Debug|Any CPU
		{5E571774-1D77-4F79-AF04-27A85DAC1340}.Release|Any CPU.ActiveCfg = Release|Any CPU
		{5E571774-1D77-4F79-AF04-27A85DAC1340}.Release|Any CPU.Build.0 = Release|Any CPU
		{FC24D38F-FB96-43E1-B21E-B6E1BFA1DC11}.Debug|Any CPU.ActiveCfg = Debug|Any CPU
		{FC24D38F-FB96-43E1-B21E-B6E1BFA1DC11}.Debug|Any CPU.Build.0 = Debug|Any CPU
		{FC24D38F-FB96-43E1-B21E-B6E1BFA1DC11}.Release|Any CPU.ActiveCfg = Release|Any CPU
		{FC24D38F-FB96-43E1-B21E-B6E1BFA1DC11}.Release|Any CPU.Build.0 = Release|Any CPU
		{D3D97918-2C26-4BAE-A0C5-F90B6F1085DD}.Debug|Any CPU.ActiveCfg = Debug|Any CPU
		{D3D97918-2C26-4BAE-A0C5-F90B6F1085DD}.Debug|Any CPU.Build.0 = Debug|Any CPU
		{D3D97918-2C26-4BAE-A0C5-F90B6F1085DD}.Release|Any CPU.ActiveCfg = Release|Any CPU
		{D3D97918-2C26-4BAE-A0C5-F90B6F1085DD}.Release|Any CPU.Build.0 = Release|Any CPU
		{C46D3E71-E08D-4F45-B54B-03E3759028E3}.Debug|Any CPU.ActiveCfg = Debug|Any CPU
		{C46D3E71-E08D-4F45-B54B-03E3759028E3}.Debug|Any CPU.Build.0 = Debug|Any CPU
		{C46D3E71-E08D-4F45-B54B-03E3759028E3}.Release|Any CPU.ActiveCfg = Release|Any CPU
		{C46D3E71-E08D-4F45-B54B-03E3759028E3}.Release|Any CPU.Build.0 = Release|Any CPU
		{0C3E7514-3CA5-4FF5-BD42-F19EF1A4783D}.Debug|Any CPU.ActiveCfg = Debug|Any CPU
		{0C3E7514-3CA5-4FF5-BD42-F19EF1A4783D}.Debug|Any CPU.Build.0 = Debug|Any CPU
		{0C3E7514-3CA5-4FF5-BD42-F19EF1A4783D}.Release|Any CPU.ActiveCfg = Release|Any CPU
		{0C3E7514-3CA5-4FF5-BD42-F19EF1A4783D}.Release|Any CPU.Build.0 = Release|Any CPU
	EndGlobalSection
	GlobalSection(SolutionProperties) = preSolution
		HideSolutionNode = FALSE
	EndGlobalSection
	GlobalSection(NestedProjects) = preSolution
		{4EF4FA1A-483A-4F5C-9A98-012BE17B7672} = {F13AB59D-7BF7-460F-AF5E-97B65BFAE44C}
		{D91AEECC-CA6A-48A2-90D6-5146D945DEAB} = {51119099-EDEC-4325-96EC-1BC7483E6BB6}
		{5E571774-1D77-4F79-AF04-27A85DAC1340} = {3A37F4C0-8133-403A-9490-856E00D4A5C7}
		{C46D3E71-E08D-4F45-B54B-03E3759028E3} = {51119099-EDEC-4325-96EC-1BC7483E6BB6}
		{0C3E7514-3CA5-4FF5-BD42-F19EF1A4783D} = {F13AB59D-7BF7-460F-AF5E-97B65BFAE44C}
	EndGlobalSection
EndGlobal
